
Microsoft Visual Studio Solution File, Format Version 12.00
# Visual Studio Version 17
VisualStudioVersion = 17.14.36310.24 d17.14
MinimumVisualStudioVersion = 10.0.40219.1
Project("{FAE04EC0-301F-11D3-BF4B-00C04F79EFBC}") = "MG_Basics", "MG_Basics.csproj", "{27DEA8BD-2C47-4A25-A07D-82A3CB64054E}"
EndProject
Global
	GlobalSection(SolutionConfigurationPlatforms) = preSolution
		Debug|Any CPU = Debug|Any CPU
		Release|Any CPU = Release|Any CPU
	EndGlobalSection
	GlobalSection(ProjectConfigurationPlatforms) = postSolution
		{27DEA8BD-2C47-4A25-A07D-82A3CB64054E}.Debug|Any CPU.ActiveCfg = Debug|Any CPU
		{27DEA8BD-2C47-4A25-A07D-82A3CB64054E}.Debug|Any CPU.Build.0 = Debug|Any CPU
		{27DEA8BD-2C47-4A25-A07D-82A3CB64054E}.Release|Any CPU.ActiveCfg = Release|Any CPU
		{27DEA8BD-2C47-4A25-A07D-82A3CB64054E}.Release|Any CPU.Build.0 = Release|Any CPU
	EndGlobalSection
	GlobalSection(SolutionProperties) = preSolution
		HideSolutionNode = FALSE
	EndGlobalSection
	GlobalSection(ExtensibilityGlobals) = postSolution
		SolutionGuid = {33D40E73-D6CD-4F1D-B0AB-4115AB6D2465}
	EndGlobalSection
EndGlobal
